
Microsoft Visual Studio Solution File, Format Version 12.00
# Visual Studio Version 17
VisualStudioVersion = 17.10.34928.147
MinimumVisualStudioVersion = 10.0.40219.1
Project("{FAE04EC0-301F-11D3-BF4B-00C04F79EFBC}") = "Task1", "Task1\Task1.csproj", "{CDC57159-3D40-45A0-A154-0EDF30607974}"
EndProject
Global
	GlobalSection(SolutionConfigurationPlatforms) = preSolution
		Debug|Any CPU = Debug|Any CPU
		Release|Any CPU = Release|Any CPU
	EndGlobalSection
	GlobalSection(ProjectConfigurationPlatforms) = postSolution
		{CDC57159-3D40-45A0-A154-0EDF30607974}.Debug|Any CPU.ActiveCfg = Debug|Any CPU
		{CDC57159-3D40-45A0-A154-0EDF30607974}.Debug|Any CPU.Build.0 = Debug|Any CPU
		{CDC57159-3D40-45A0-A154-0EDF30607974}.Release|Any CPU.ActiveCfg = Release|Any CPU
		{CDC57159-3D40-45A0-A154-0EDF30607974}.Release|Any CPU.Build.0 = Release|Any CPU
	EndGlobalSection
	GlobalSection(SolutionProperties) = preSolution
		HideSolutionNode = FALSE
	EndGlobalSection
	GlobalSection(ExtensibilityGlobals) = postSolution
		SolutionGuid = {B35E1352-0A20-485D-9B48-F496AD9B7A00}
	EndGlobalSection
EndGlobal
